
Microsoft Visual Studio Solution File, Format Version 12.00
# Visual Studio 15
Project("{2150E333-8FDC-42A3-9474-1A3956D46DE8}") = "plugins", "plugins", "{4BAF5AB8-AF93-432B-92BD-825058746257}"
EndProject
Project("{FAE04EC0-301F-11D3-BF4B-00C04F79EFBC}") = "weather.shared.standard", "..\SimpleWeatherTrayShared\WeatherDesktop.Shared.Standard\weather.shared.standard\weather.shared.standard.csproj", "{E5778487-48A0-4F2F-8369-039B7C1A330E}"
EndProject
Project("{FAE04EC0-301F-11D3-BF4B-00C04F79EFBC}") = "External.Weather.Gov.3.Standard", "..\SimpleWeatherTrayShared\Plugins\External.Weather.Gov.3.Standard\External.Weather.Gov.3.Standard.csproj", "{80E8FEF1-BAF1-4305-8046-215C3C8F2593}"
EndProject
Project("{FAE04EC0-301F-11D3-BF4B-00C04F79EFBC}") = "Internal.Location.Standard", "..\SimpleWeatherTrayShared\Plugins\Internal.Location.Standard\Internal.Location.Standard.csproj", "{3D9A0B68-3616-4C4D-A272-27ACE1CA44C9}"
EndProject
Project("{FAE04EC0-301F-11D3-BF4B-00C04F79EFBC}") = "Internal.SunRiseSet.Stanard", "..\SimpleWeatherTrayShared\Plugins\Internal.SunRiseSet.Stanard\Internal.SunRiseSet.Stanard.csproj", "{4788CA6A-9951-4454-B88D-5CF66376813F}"
EndProject
Project("{FAE04EC0-301F-11D3-BF4B-00C04F79EFBC}") = "SimpleWeatherTrayGTK", "SimpleWeatherTrayGTK\SimpleWeatherTrayGTK.csproj", "{785C895D-26EA-4418-AE5C-BC5652A374F5}"
EndProject
Global
	GlobalSection(SolutionConfigurationPlatforms) = preSolution
		Debug|Any CPU = Debug|Any CPU
		Release|Any CPU = Release|Any CPU
	EndGlobalSection
	GlobalSection(ProjectConfigurationPlatforms) = postSolution
		{E5778487-48A0-4F2F-8369-039B7C1A330E}.Debug|Any CPU.ActiveCfg = Debug|Any CPU
		{E5778487-48A0-4F2F-8369-039B7C1A330E}.Debug|Any CPU.Build.0 = Debug|Any CPU
		{E5778487-48A0-4F2F-8369-039B7C1A330E}.Release|Any CPU.ActiveCfg = Release|Any CPU
		{E5778487-48A0-4F2F-8369-039B7C1A330E}.Release|Any CPU.Build.0 = Release|Any CPU
		{80E8FEF1-BAF1-4305-8046-215C3C8F2593}.Debug|Any CPU.ActiveCfg = Debug|Any CPU
		{80E8FEF1-BAF1-4305-8046-215C3C8F2593}.Debug|Any CPU.Build.0 = Debug|Any CPU
		{80E8FEF1-BAF1-4305-8046-215C3C8F2593}.Release|Any CPU.ActiveCfg = Release|Any CPU
		{80E8FEF1-BAF1-4305-8046-215C3C8F2593}.Release|Any CPU.Build.0 = Release|Any CPU
		{3D9A0B68-3616-4C4D-A272-27ACE1CA44C9}.Debug|Any CPU.ActiveCfg = Debug|Any CPU
		{3D9A0B68-3616-4C4D-A272-27ACE1CA44C9}.Debug|Any CPU.Build.0 = Debug|Any CPU
		{3D9A0B68-3616-4C4D-A272-27ACE1CA44C9}.Release|Any CPU.ActiveCfg = Release|Any CPU
		{3D9A0B68-3616-4C4D-A272-27ACE1CA44C9}.Release|Any CPU.Build.0 = Release|Any CPU
		{4788CA6A-9951-4454-B88D-5CF66376813F}.Debug|Any CPU.ActiveCfg = Debug|Any CPU
		{4788CA6A-9951-4454-B88D-5CF66376813F}.Debug|Any CPU.Build.0 = Debug|Any CPU
		{4788CA6A-9951-4454-B88D-5CF66376813F}.Release|Any CPU.ActiveCfg = Release|Any CPU
		{4788CA6A-9951-4454-B88D-5CF66376813F}.Release|Any CPU.Build.0 = Release|Any CPU
		{785C895D-26EA-4418-AE5C-BC5652A374F5}.Debug|Any CPU.ActiveCfg = Debug|Any CPU
		{785C895D-26EA-4418-AE5C-BC5652A374F5}.Debug|Any CPU.Build.0 = Debug|Any CPU
		{785C895D-26EA-4418-AE5C-BC5652A374F5}.Release|Any CPU.ActiveCfg = Release|Any CPU
		{785C895D-26EA-4418-AE5C-BC5652A374F5}.Release|Any CPU.Build.0 = Release|Any CPU
	EndGlobalSection
	GlobalSection(NestedProjects) = preSolution
		{E5778487-48A0-4F2F-8369-039B7C1A330E} = {4BAF5AB8-AF93-432B-92BD-825058746257}
		{80E8FEF1-BAF1-4305-8046-215C3C8F2593} = {4BAF5AB8-AF93-432B-92BD-825058746257}
		{3D9A0B68-3616-4C4D-A272-27ACE1CA44C9} = {4BAF5AB8-AF93-432B-92BD-825058746257}
		{4788CA6A-9951-4454-B88D-5CF66376813F} = {4BAF5AB8-AF93-432B-92BD-825058746257}
	EndGlobalSection
EndGlobal
